
Microsoft Visual Studio Solution File, Format Version 12.00
# Visual Studio 15
VisualStudioVersion = 15.0.26730.12
MinimumVisualStudioVersion = 10.0.40219.1
Project("{FAE04EC0-301F-11D3-BF4B-00C04F79EFBC}") = "CountingCharacters", "CountingCharacters\CountingCharacters.csproj", "{B24A68B9-41BF-4F95-AE46-C2589A2B4593}"
EndProject
Global
	GlobalSection(SolutionConfigurationPlatforms) = preSolution
		Debug|Any CPU = Debug|Any CPU
		Release|Any CPU = Release|Any CPU
	EndGlobalSection
	GlobalSection(ProjectConfigurationPlatforms) = postSolution
		{B24A68B9-41BF-4F95-AE46-C2589A2B4593}.Debug|Any CPU.ActiveCfg = Debug|Any CPU
		{B24A68B9-41BF-4F95-AE46-C2589A2B4593}.Debug|Any CPU.Build.0 = Debug|Any CPU
		{B24A68B9-41BF-4F95-AE46-C2589A2B4593}.Release|Any CPU.ActiveCfg = Release|Any CPU
		{B24A68B9-41BF-4F95-AE46-C2589A2B4593}.Release|Any CPU.Build.0 = Release|Any CPU
	EndGlobalSection
	GlobalSection(SolutionProperties) = preSolution
		HideSolutionNode = FALSE
	EndGlobalSection
	GlobalSection(ExtensibilityGlobals) = postSolution
		SolutionGuid = {CDE9F672-7A70-4243-807B-32C69F40D736}
	EndGlobalSection
EndGlobal
